
Microsoft Visual Studio Solution File, Format Version 12.00
# Visual Studio Version 16
VisualStudioVersion = 16.0.33027.164
MinimumVisualStudioVersion = 10.0.40219.1
Project("{FAE04EC0-301F-11D3-BF4B-00C04F79EFBC}") = "Variables", "Variables\Variables.csproj", "{433F4327-0094-47E8-909C-5EC41E0C7463}"
EndProject
Global
	GlobalSection(SolutionConfigurationPlatforms) = preSolution
		Debug|Any CPU = Debug|Any CPU
		Release|Any CPU = Release|Any CPU
	EndGlobalSection
	GlobalSection(ProjectConfigurationPlatforms) = postSolution
		{433F4327-0094-47E8-909C-5EC41E0C7463}.Debug|Any CPU.ActiveCfg = Debug|Any CPU
		{433F4327-0094-47E8-909C-5EC41E0C7463}.Debug|Any CPU.Build.0 = Debug|Any CPU
		{433F4327-0094-47E8-909C-5EC41E0C7463}.Release|Any CPU.ActiveCfg = Release|Any CPU
		{433F4327-0094-47E8-909C-5EC41E0C7463}.Release|Any CPU.Build.0 = Release|Any CPU
	EndGlobalSection
	GlobalSection(SolutionProperties) = preSolution
		HideSolutionNode = FALSE
	EndGlobalSection
	GlobalSection(ExtensibilityGlobals) = postSolution
		SolutionGuid = {5AB456AE-5207-4A99-8E1D-1B9912596C74}
	EndGlobalSection
EndGlobal
